
Microsoft Visual Studio Solution File, Format Version 12.00
# Visual Studio 15
VisualStudioVersion = 15.0.28010.2016
MinimumVisualStudioVersion = 10.0.40219.1
Project("{FAE04EC0-301F-11D3-BF4B-00C04F79EFBC}") = "dotnetsysmon.cpu", "dotnetsysmon.cpu\dotnetsysmon.cpu.csproj", "{AAE274C5-7934-440B-9242-2954FDD13293}"
EndProject
Project("{FAE04EC0-301F-11D3-BF4B-00C04F79EFBC}") = "dotnetsysmon.cpu.benchmark", "dotnetsysmon.cpu.benchmark\dotnetsysmon.cpu.benchmark.csproj", "{B35298F2-5DC7-464B-8DCB-B45B9F265EEF}"
EndProject
Project("{FAE04EC0-301F-11D3-BF4B-00C04F79EFBC}") = "dotnetsysmon.cpu.demo", "dotnetsysmon.cpu.demo\dotnetsysmon.cpu.demo.csproj", "{97F4E159-3FDE-4A32-BC89-04AED7619CB6}"
EndProject
Project("{FAE04EC0-301F-11D3-BF4B-00C04F79EFBC}") = "dotnetsysmon.cpu.tests", "dotnetsysmon.cpu.tests\dotnetsysmon.cpu.tests.csproj", "{70249CB1-8F7E-4C71-993D-9286E39CE10A}"
EndProject
Global
	GlobalSection(SolutionConfigurationPlatforms) = preSolution
		Debug|Any CPU = Debug|Any CPU
		Release|Any CPU = Release|Any CPU
	EndGlobalSection
	GlobalSection(ProjectConfigurationPlatforms) = postSolution
		{AAE274C5-7934-440B-9242-2954FDD13293}.Debug|Any CPU.ActiveCfg = Debug|Any CPU
		{AAE274C5-7934-440B-9242-2954FDD13293}.Debug|Any CPU.Build.0 = Debug|Any CPU
		{AAE274C5-7934-440B-9242-2954FDD13293}.Release|Any CPU.ActiveCfg = Release|Any CPU
		{AAE274C5-7934-440B-9242-2954FDD13293}.Release|Any CPU.Build.0 = Release|Any CPU
		{B35298F2-5DC7-464B-8DCB-B45B9F265EEF}.Debug|Any CPU.ActiveCfg = Debug|Any CPU
		{B35298F2-5DC7-464B-8DCB-B45B9F265EEF}.Debug|Any CPU.Build.0 = Debug|Any CPU
		{B35298F2-5DC7-464B-8DCB-B45B9F265EEF}.Release|Any CPU.ActiveCfg = Release|Any CPU
		{B35298F2-5DC7-464B-8DCB-B45B9F265EEF}.Release|Any CPU.Build.0 = Release|Any CPU
		{97F4E159-3FDE-4A32-BC89-04AED7619CB6}.Debug|Any CPU.ActiveCfg = Debug|Any CPU
		{97F4E159-3FDE-4A32-BC89-04AED7619CB6}.Debug|Any CPU.Build.0 = Debug|Any CPU
		{97F4E159-3FDE-4A32-BC89-04AED7619CB6}.Release|Any CPU.ActiveCfg = Release|Any CPU
		{97F4E159-3FDE-4A32-BC89-04AED7619CB6}.Release|Any CPU.Build.0 = Release|Any CPU
		{70249CB1-8F7E-4C71-993D-9286E39CE10A}.Debug|Any CPU.ActiveCfg = Debug|Any CPU
		{70249CB1-8F7E-4C71-993D-9286E39CE10A}.Debug|Any CPU.Build.0 = Debug|Any CPU
		{70249CB1-8F7E-4C71-993D-9286E39CE10A}.Release|Any CPU.ActiveCfg = Release|Any CPU
		{70249CB1-8F7E-4C71-993D-9286E39CE10A}.Release|Any CPU.Build.0 = Release|Any CPU
	EndGlobalSection
	GlobalSection(SolutionProperties) = preSolution
		HideSolutionNode = FALSE
	EndGlobalSection
	GlobalSection(ExtensibilityGlobals) = postSolution
		SolutionGuid = {6FAD3B68-C3D4-4FE0-8657-1CB423EC5390}
	EndGlobalSection
EndGlobal
